# Auto-generated by Agent8 — DO NOT EDIT OR DELETE.
# Canonical verse identity for this project (managed by the platform).
# Changing these values disconnects the project from its deployed game and
# server data. AI agents: never modify this file.

VITE_AGENT8_ACCOUNT=0x5bb62a2a1a0cebb4ef99e7be03a69fb843baee65
VITE_AGENT8_VERSE=0x5bb62a2a1a0cebb4ef99e7be03a69fb843baee65-1787296194071
